// !$*UTF8*$!
{
	archiveVersion = 1;
	classes = {
	};
	objectVersion = 50;
	objects = {

/* Begin PBXBuildFile section */
		AAF4310A270A201C00A4E611 /* AppDelegate.swift in Sources */ = {isa = PBXBuildFile; fileRef = AAF43109270A201C00A4E611 /* AppDelegate.swift */; };
		AAF4310C270A201C00A4E611 /* SceneDelegate.swift in Sources */ = {isa = PBXBuildFile; fileRef = AAF4310B270A201C00A4E611 /* SceneDelegate.swift */; };
		AAF4310E270A201C00A4E611 /* ViewController.swift in Sources */ = {isa = PBXBuildFile; fileRef = AAF4310D270A201C00A4E611 /* ViewController.swift */; };
		AAF43111270A201C00A4E611 /* Main.storyboard in Resources */ = {isa = PBXBuildFile; fileRef = AAF4310F270A201C00A4E611 /* Main.storyboard */; };
		AAF43113270A201E00A4E611 /* Assets.xcassets in Resources */ = {isa = PBXBuildFile; fileRef = AAF43112270A201E00A4E611 /* Assets.xcassets */; };
		AAF43116270A201E00A4E611 /* LaunchScreen.storyboard in Resources */ = {isa = PBXBuildFile; fileRef = AAF43114270A201E00A4E611 /* LaunchScreen.storyboard */; };
		AAF43121270A201E00A4E611 /* DemoIBTests.swift in Sources */ = {isa = PBXBuildFile; fileRef = AAF43120270A201E00A4E611 /* DemoIBTests.swift */; };
		AAF4312C270A201E00A4E611 /* DemoIBUITests.swift in Sources */ = {isa = PBXBuildFile; fileRef = AAF4312B270A201E00A4E611 /* DemoIBUITests.swift */; };
/* End PBXBuildFile section */

/* Begin PBXContainerItemProxy section */
		AAF4311D270A201E00A4E611 /* PBXContainerItemProxy */ = {
			isa = PBXContainerItemProxy;
			containerPortal = AAF430FE270A201C00A4E611 /* Project object */;
			proxyType = 1;
			remoteGlobalIDString = AAF43105270A201C00A4E611;
			remoteInfo = DemoIB;
		};
		AAF43128270A201E00A4E611 /* PBXContainerItemProxy */ = {
			isa = PBXContainerItemProxy;
			containerPortal = AAF430FE270A201C00A4E611 /* Project object */;
			proxyType = 1;
			remoteGlobalIDString = AAF43105270A201C00A4E611;
			remoteInfo = DemoIB;
		};
/* End PBXContainerItemProxy section */

/* Begin PBXFileReference section */
		AAF43106270A201C00A4E611 /* DemoIB.app */ = {isa = PBXFileReference; explicitFileType = wrapper.application; includeInIndex = 0; path = DemoIB.app; sourceTree = BUILT_PRODUCTS_DIR; };
		AAF43109270A201C00A4E611 /* AppDelegate.swift */ = {isa = PBXFileReference; lastKnownFileType = sourcecode.swift; path = AppDelegate.swift; sourceTree = "<group>"; };
		AAF4310B270A201C00A4E611 /* SceneDelegate.swift */ = {isa = PBXFileReference; lastKnownFileType = sourcecode.swift; path = SceneDelegate.swift; sourceTree = "<group>"; };
		AAF4310D270A201C00A4E611 /* ViewController.swift */ = {isa = PBXFileReference; lastKnownFileType = sourcecode.swift; path = ViewController.swift; sourceTree = "<group>"; };
		AAF43110270A201C00A4E611 /* Base */ = {isa = PBXFileReference; lastKnownFileType = file.storyboard; name = Base; path = Base.lproj/Main.storyboard; sourceTree = "<group>"; };
		AAF43112270A201E00A4E611 /* Assets.xcassets */ = {isa = PBXFileReference; lastKnownFileType = folder.assetcatalog; path = Assets.xcassets; sourceTree = "<group>"; };
		AAF43115270A201E00A4E611 /* Base */ = {isa = PBXFileReference; lastKnownFileType = file.storyboard; name = Base; path = Base.lproj/LaunchScreen.storyboard; sourceTree = "<group>"; };
		AAF43117270A201E00A4E611 /* Info.plist */ = {isa = PBXFileReference; lastKnownFileType = text.plist.xml; path = Info.plist; sourceTree = "<group>"; };
		AAF4311C270A201E00A4E611 /* DemoIBTests.xctest */ = {isa = PBXFileReference; explicitFileType = wrapper.cfbundle; includeInIndex = 0; path = DemoIBTests.xctest; sourceTree = BUILT_PRODUCTS_DIR; };
		AAF43120270A201E00A4E611 /* DemoIBTests.swift */ = {isa = PBXFileReference; lastKnownFileType = sourcecode.swift; path = DemoIBTests.swift; sourceTree = "<group>"; };
		AAF43122270A201E00A4E611 /* Info.plist */ = {isa = PBXFileReference; lastKnownFileType = text.plist.xml; path = Info.plist; sourceTree = "<group>"; };
		AAF43127270A201E00A4E611 /* DemoIBUITests.xctest */ = {isa = PBXFileReference; explicitFileType = wrapper.cfbundle; includeInIndex = 0; path = DemoIBUITests.xctest; sourceTree = BUILT_PRODUCTS_DIR; };
		AAF4312B270A201E00A4E611 /* DemoIBUITests.swift */ = {isa = PBXFileReference; lastKnownFileType = sourcecode.swift; path = DemoIBUITests.swift; sourceTree = "<group>"; };
		AAF4312D270A201E00A4E611 /* Info.plist */ = {isa = PBXFileReference; lastKnownFileType = text.plist.xml; path = Info.plist; sourceTree = "<group>"; };
/* End PBXFileReference section */

/* Begin PBXFrameworksBuildPhase section */
		AAF43103270A201C00A4E611 /* Frameworks */ = {
			isa = PBXFrameworksBuildPhase;
			buildActionMask = 2147483647;
			files = (
			);
			runOnlyForDeploymentPostprocessing = 0;
		};
		AAF43119270A201E00A4E611 /* Frameworks */ = {
			isa = PBXFrameworksBuildPhase;
			buildActionMask = 2147483647;
			files = (
			);
			runOnlyForDeploymentPostprocessing = 0;
		};
		AAF43124270A201E00A4E611 /* Frameworks */ = {
			isa = PBXFrameworksBuildPhase;
			buildActionMask = 2147483647;
			files = (
			);
			runOnlyForDeploymentPostprocessing = 0;
		};
/* End PBXFrameworksBuildPhase section */

/* Begin PBXGroup section */
		AAF430FD270A201C00A4E611 = {
			isa = PBXGroup;
			children = (
				AAF43108270A201C00A4E611 /* DemoIB */,
				AAF4311F270A201E00A4E611 /* DemoIBTests */,
				AAF4312A270A201E00A4E611 /* DemoIBUITests */,
				AAF43107270A201C00A4E611 /* Products */,
			);
			sourceTree = "<group>";
		};
		AAF43107270A201C00A4E611 /* Products */ = {
			isa = PBXGroup;
			children = (
				AAF43106270A201C00A4E611 /* DemoIB.app */,
				AAF4311C270A201E00A4E611 /* DemoIBTests.xctest */,
				AAF43127270A201E00A4E611 /* DemoIBUITests.xctest */,
			);
			name = Products;
			sourceTree = "<group>";
		};
		AAF43108270A201C00A4E611 /* DemoIB */ = {
			isa = PBXGroup;
			children = (
				AAF43109270A201C00A4E611 /* AppDelegate.swift */,
				AAF4310B270A201C00A4E611 /* SceneDelegate.swift */,
				AAF4310D270A201C00A4E611 /* ViewController.swift */,
				AAF4310F270A201C00A4E611 /* Main.storyboard */,
				AAF43112270A201E00A4E611 /* Assets.xcassets */,
				AAF43114270A201E00A4E611 /* LaunchScreen.storyboard */,
				AAF43117270A201E00A4E611 /* Info.plist */,
			);
			path = DemoIB;
			sourceTree = "<group>";
		};
		AAF4311F270A201E00A4E611 /* DemoIBTests */ = {
			isa = PBXGroup;
			children = (
				AAF43120270A201E00A4E611 /* DemoIBTests.swift */,
				AAF43122270A201E00A4E611 /* Info.plist */,
			);
			path = DemoIBTests;
			sourceTree = "<group>";
		};
		AAF4312A270A201E00A4E611 /* DemoIBUITests */ = {
			isa = PBXGroup;
			children = (
				AAF4312B270A201E00A4E611 /* DemoIBUITests.swift */,
				AAF4312D270A201E00A4E611 /* Info.plist */,
			);
			path = DemoIBUITests;
			sourceTree = "<group>";
		};
/* End PBXGroup section */

/* Begin PBXNativeTarget section */
		AAF43105270A201C00A4E611 /* DemoIB */ = {
			isa = PBXNativeTarget;
			buildConfigurationList = AAF43130270A201E00A4E611 /* Build configuration list for PBXNativeTarget "DemoIB" */;
			buildPhases = (
				AAF43102270A201C00A4E611 /* Sources */,
				AAF43103270A201C00A4E611 /* Frameworks */,
				AAF43104270A201C00A4E611 /* Resources */,
			);
			buildRules = (
			);
			dependencies = (
			);
			name = DemoIB;
			productName = DemoIB;
			productReference = AAF43106270A201C00A4E611 /* DemoIB.app */;
			productType = "com.apple.product-type.application";
		};
		AAF4311B270A201E00A4E611 /* DemoIBTests */ = {
			isa = PBXNativeTarget;
			buildConfigurationList = AAF43133270A201E00A4E611 /* Build configuration list for PBXNativeTarget "DemoIBTests" */;
			buildPhases = (
				AAF43118270A201E00A4E611 /* Sources */,
				AAF43119270A201E00A4E611 /* Frameworks */,
				AAF4311A270A201E00A4E611 /* Resources */,
			);
			buildRules = (
			);
			dependencies = (
				AAF4311E270A201E00A4E611 /* PBXTargetDependency */,
			);
			name = DemoIBTests;
			productName = DemoIBTests;
			productReference = AAF4311C270A201E00A4E611 /* DemoIBTests.xctest */;
			productType = "com.apple.product-type.bundle.unit-test";
		};
		AAF43126270A201E00A4E611 /* DemoIBUITests */ = {
			isa = PBXNativeTarget;
			buildConfigurationList = AAF43136270A201E00A4E611 /* Build configuration list for PBXNativeTarget "DemoIBUITests" */;
			buildPhases = (
				AAF43123270A201E00A4E611 /* Sources */,
				AAF43124270A201E00A4E611 /* Frameworks */,
				AAF43125270A201E00A4E611 /* Resources */,
			);
			buildRules = (
			);
			dependencies = (
				AAF43129270A201E00A4E611 /* PBXTargetDependency */,
			);
			name = DemoIBUITests;
			productName = DemoIBUITests;
			productReference = AAF43127270A201E00A4E611 /* DemoIBUITests.xctest */;
			productType = "com.apple.product-type.bundle.ui-testing";
		};
/* End PBXNativeTarget section */

/* Begin PBXProject section */
		AAF430FE270A201C00A4E611 /* Project object */ = {
			isa = PBXProject;
			attributes = {
				LastSwiftUpdateCheck = 1250;
				LastUpgradeCheck = 1250;
				TargetAttributes = {
					AAF43105270A201C00A4E611 = {
						CreatedOnToolsVersion = 12.5.1;
					};
					AAF4311B270A201E00A4E611 = {
						CreatedOnToolsVersion = 12.5.1;
						TestTargetID = AAF43105270A201C00A4E611;
					};
					AAF43126270A201E00A4E611 = {
						CreatedOnToolsVersion = 12.5.1;
						TestTargetID = AAF43105270A201C00A4E611;
					};
				};
			};
			buildConfigurationList = AAF43101270A201C00A4E611 /* Build configuration list for PBXProject "DemoIB" */;
			compatibilityVersion = "Xcode 9.3";
			developmentRegion = en;
			hasScannedForEncodings = 0;
			knownRegions = (
				en,
				Base,
			);
			mainGroup = AAF430FD270A201C00A4E611;
			productRefGroup = AAF43107270A201C00A4E611 /* Products */;
			projectDirPath = "";
			projectRoot = "";
			targets = (
				AAF43105270A201C00A4E611 /* DemoIB */,
				AAF4311B270A201E00A4E611 /* DemoIBTests */,
				AAF43126270A201E00A4E611 /* DemoIBUITests */,
			);
		};
/* End PBXProject section */

/* Begin PBXResourcesBuildPhase section */
		AAF43104270A201C00A4E611 /* Resources */ = {
			isa = PBXResourcesBuildPhase;
			buildActionMask = 2147483647;
			files = (
				AAF43116270A201E00A4E611 /* LaunchScreen.storyboard in Resources */,
				AAF43113270A201E00A4E611 /* Assets.xcassets in Resources */,
				AAF43111270A201C00A4E611 /* Main.storyboard in Resources */,
			);
			runOnlyForDeploymentPostprocessing = 0;
		};
		AAF4311A270A201E00A4E611 /* Resources */ = {
			isa = PBXResourcesBuildPhase;
			buildActionMask = 2147483647;
			files = (
			);
			runOnlyForDeploymentPostprocessing = 0;
		};
		AAF43125270A201E00A4E611 /* Resources */ = {
			isa = PBXResourcesBuildPhase;
			buildActionMask = 2147483647;
			files = (
			);
			runOnlyForDeploymentPostprocessing = 0;
		};
/* End PBXResourcesBuildPhase section */

/* Begin PBXSourcesBuildPhase section */
		AAF43102270A201C00A4E611 /* Sources */ = {
			isa = PBXSourcesBuildPhase;
			buildActionMask = 2147483647;
			files = (
				AAF4310E270A201C00A4E611 /* ViewController.swift in Sources */,
				AAF4310A270A201C00A4E611 /* AppDelegate.swift in Sources */,
				AAF4310C270A201C00A4E611 /* SceneDelegate.swift in Sources */,
			);
			runOnlyForDeploymentPostprocessing = 0;
		};
		AAF43118270A201E00A4E611 /* Sources */ = {
			isa = PBXSourcesBuildPhase;
			buildActionMask = 2147483647;
			files = (
				AAF43121270A201E00A4E611 /* DemoIBTests.swift in Sources */,
			);
			runOnlyForDeploymentPostprocessing = 0;
		};
		AAF43123270A201E00A4E611 /* Sources */ = {
			isa = PBXSourcesBuildPhase;
			buildActionMask = 2147483647;
			files = (
				AAF4312C270A201E00A4E611 /* DemoIBUITests.swift in Sources */,
			);
			runOnlyForDeploymentPostprocessing = 0;
		};
/* End PBXSourcesBuildPhase section */

/* Begin PBXTargetDependency section */
		AAF4311E270A201E00A4E611 /* PBXTargetDependency */ = {
			isa = PBXTargetDependency;
			target = AAF43105270A201C00A4E611 /* DemoIB */;
			targetProxy = AAF4311D270A201E00A4E611 /* PBXContainerItemProxy */;
		};
		AAF43129270A201E00A4E611 /* PBXTargetDependency */ = {
			isa = PBXTargetDependency;
			target = AAF43105270A201C00A4E611 /* DemoIB */;
			targetProxy = AAF43128270A201E00A4E611 /* PBXContainerItemProxy */;
		};
/* End PBXTargetDependency section */

/* Begin PBXVariantGroup section */
		AAF4310F270A201C00A4E611 /* Main.storyboard */ = {
			isa = PBXVariantGroup;
			children = (
				AAF43110270A201C00A4E611 /* Base */,
			);
			name = Main.storyboard;
			sourceTree = "<group>";
		};
		AAF43114270A201E00A4E611 /* LaunchScreen.storyboard */ = {
			isa = PBXVariantGroup;
			children = (
				AAF43115270A201E00A4E611 /* Base */,
			);
			name = LaunchScreen.storyboard;
			sourceTree = "<group>";
		};
/* End PBXVariantGroup section */

/* Begin XCBuildConfiguration section */
		AAF4312E270A201E00A4E611 /* Debug */ = {
			isa = XCBuildConfiguration;
			buildSettings = {
				ALWAYS_SEARCH_USER_PATHS = NO;
				CLANG_ANALYZER_NONNULL = YES;
				CLANG_ANALYZER_NUMBER_OBJECT_CONVERSION = YES_AGGRESSIVE;
				CLANG_CXX_LANGUAGE_STANDARD = "gnu++14";
				CLANG_CXX_LIBRARY = "libc++";
				CLANG_ENABLE_MODULES = YES;
				CLANG_ENABLE_OBJC_ARC = YES;
				CLANG_ENABLE_OBJC_WEAK = YES;
				CLANG_WARN_BLOCK_CAPTURE_AUTORELEASING = YES;
				CLANG_WARN_BOOL_CONVERSION = YES;
				CLANG_WARN_COMMA = YES;
				CLANG_WARN_CONSTANT_CONVERSION = YES;
				CLANG_WARN_DEPRECATED_OBJC_IMPLEMENTATIONS = YES;
				CLANG_WARN_DIRECT_OBJC_ISA_USAGE = YES_ERROR;
				CLANG_WARN_DOCUMENTATION_COMMENTS = YES;
				CLANG_WARN_EMPTY_BODY = YES;
				CLANG_WARN_ENUM_CONVERSION = YES;
				CLANG_WARN_INFINITE_RECURSION = YES;
				CLANG_WARN_INT_CONVERSION = YES;
				CLANG_WARN_NON_LITERAL_NULL_CONVERSION = YES;
				CLANG_WARN_OBJC_IMPLICIT_RETAIN_SELF = YES;
				CLANG_WARN_OBJC_LITERAL_CONVERSION = YES;
				CLANG_WARN_OBJC_ROOT_CLASS = YES_ERROR;
				CLANG_WARN_QUOTED_INCLUDE_IN_FRAMEWORK_HEADER = YES;
				CLANG_WARN_RANGE_LOOP_ANALYSIS = YES;
				CLANG_WARN_STRICT_PROTOTYPES = YES;
				CLANG_WARN_SUSPICIOUS_MOVE = YES;
				CLANG_WARN_UNGUARDED_AVAILABILITY = YES_AGGRESSIVE;
				CLANG_WARN_UNREACHABLE_CODE = YES;
				CLANG_WARN__DUPLICATE_METHOD_MATCH = YES;
				COPY_PHASE_STRIP = NO;
				DEBUG_INFORMATION_FORMAT = dwarf;
				ENABLE_STRICT_OBJC_MSGSEND = YES;
				ENABLE_TESTABILITY = YES;
				GCC_C_LANGUAGE_STANDARD = gnu11;
				GCC_DYNAMIC_NO_PIC = NO;
				GCC_NO_COMMON_BLOCKS = YES;
				GCC_OPTIMIZATION_LEVEL = 0;
				GCC_PREPROCESSOR_DEFINITIONS = (
					"DEBUG=1",
					"$(inherited)",
				);
				GCC_WARN_64_TO_32_BIT_CONVERSION = YES;
				GCC_WARN_ABOUT_RETURN_TYPE = YES_ERROR;
				GCC_WARN_UNDECLARED_SELECTOR = YES;
				GCC_WARN_UNINITIALIZED_AUTOS = YES_AGGRESSIVE;
				GCC_WARN_UNUSED_FUNCTION = YES;
				GCC_WARN_UNUSED_VARIABLE = YES;
				IPHONEOS_DEPLOYMENT_TARGET = 14.5;
				MTL_ENABLE_DEBUG_INFO = INCLUDE_SOURCE;
				MTL_FAST_MATH = YES;
				ONLY_ACTIVE_ARCH = YES;
				SDKROOT = iphoneos;
				SWIFT_ACTIVE_COMPILATION_CONDITIONS = DEBUG;
				SWIFT_OPTIMIZATION_LEVEL = "-Onone";
			};
			name = Debug;
		};
		AAF4312F270A201E00A4E611 /* Release */ = {
			isa = XCBuildConfiguration;
			buildSettings = {
				ALWAYS_SEARCH_USER_PATHS = NO;
				CLANG_ANALYZER_NONNULL = YES;
				CLANG_ANALYZER_NUMBER_OBJECT_CONVERSION = YES_AGGRESSIVE;
				CLANG_CXX_LANGUAGE_STANDARD = "gnu++14";
				CLANG_CXX_LIBRARY = "libc++";
				CLANG_ENABLE_MODULES = YES;
				CLANG_ENABLE_OBJC_ARC = YES;
				CLANG_ENABLE_OBJC_WEAK = YES;
				CLANG_WARN_BLOCK_CAPTURE_AUTORELEASING = YES;
				CLANG_WARN_BOOL_CONVERSION = YES;
				CLANG_WARN_COMMA = YES;
				CLANG_WARN_CONSTANT_CONVERSION = YES;
				CLANG_WARN_DEPRECATED_OBJC_IMPLEMENTATIONS = YES;
				CLANG_WARN_DIRECT_OBJC_ISA_USAGE = YES_ERROR;
				CLANG_WARN_DOCUMENTATION_COMMENTS = YES;
				CLANG_WARN_EMPTY_BODY = YES;
				CLANG_WARN_ENUM_CONVERSION = YES;
				CLANG_WARN_INFINITE_RECURSION = YES;
				CLANG_WARN_INT_CONVERSION = YES;
				CLANG_WARN_NON_LITERAL_NULL_CONVERSION = YES;
				CLANG_WARN_OBJC_IMPLICIT_RETAIN_SELF = YES;
				CLANG_WARN_OBJC_LITERAL_CONVERSION = YES;
				CLANG_WARN_OBJC_ROOT_CLASS = YES_ERROR;
				CLANG_WARN_QUOTED_INCLUDE_IN_FRAMEWORK_HEADER = YES;
				CLANG_WARN_RANGE_LOOP_ANALYSIS = YES;
				CLANG_WARN_STRICT_PROTOTYPES = YES;
				CLANG_WARN_SUSPICIOUS_MOVE = YES;
				CLANG_WARN_UNGUARDED_AVAILABILITY = YES_AGGRESSIVE;
				CLANG_WARN_UNREACHABLE_CODE = YES;
				CLANG_WARN__DUPLICATE_METHOD_MATCH = YES;
				COPY_PHASE_STRIP = NO;
				DEBUG_INFORMATION_FORMAT = "dwarf-with-dsym";
				ENABLE_NS_ASSERTIONS = NO;
				ENABLE_STRICT_OBJC_MSGSEND = YES;
				GCC_C_LANGUAGE_STANDARD = gnu11;
				GCC_NO_COMMON_BLOCKS = YES;
				GCC_WARN_64_TO_32_BIT_CONVERSION = YES;
				GCC_WARN_ABOUT_RETURN_TYPE = YES_ERROR;
				GCC_WARN_UNDECLARED_SELECTOR = YES;
				GCC_WARN_UNINITIALIZED_AUTOS = YES_AGGRESSIVE;
				GCC_WARN_UNUSED_FUNCTION = YES;
				GCC_WARN_UNUSED_VARIABLE = YES;
				IPHONEOS_DEPLOYMENT_TARGET = 14.5;
				MTL_ENABLE_DEBUG_INFO = NO;
				MTL_FAST_MATH = YES;
				SDKROOT = iphoneos;
				SWIFT_COMPILATION_MODE = wholemodule;
				SWIFT_OPTIMIZATION_LEVEL = "-O";
				VALIDATE_PRODUCT = YES;
			};
			name = Release;
		};
		AAF43131270A201E00A4E611 /* Debug */ = {
			isa = XCBuildConfiguration;
			buildSettings = {
				ASSETCATALOG_COMPILER_APPICON_NAME = AppIcon;
				ASSETCATALOG_COMPILER_GLOBAL_ACCENT_COLOR_NAME = AccentColor;
				CODE_SIGN_STYLE = Automatic;
				INFOPLIST_FILE = DemoIB/Info.plist;
				LD_RUNPATH_SEARCH_PATHS = (
					"$(inherited)",
					"@executable_path/Frameworks",
				);
				PRODUCT_BUNDLE_IDENTIFIER = oleg.bezrukavnikov.DemoIB;
				PRODUCT_NAME = "$(TARGET_NAME)";
				SWIFT_VERSION = 5.0;
				TARGETED_DEVICE_FAMILY = "1,2";
			};
			name = Debug;
		};
		AAF43132270A201E00A4E611 /* Release */ = {
			isa = XCBuildConfiguration;
			buildSettings = {
				ASSETCATALOG_COMPILER_APPICON_NAME = AppIcon;
				ASSETCATALOG_COMPILER_GLOBAL_ACCENT_COLOR_NAME = AccentColor;
				CODE_SIGN_STYLE = Automatic;
				INFOPLIST_FILE = DemoIB/Info.plist;
				LD_RUNPATH_SEARCH_PATHS = (
					"$(inherited)",
					"@executable_path/Frameworks",
				);
				PRODUCT_BUNDLE_IDENTIFIER = oleg.bezrukavnikov.DemoIB;
				PRODUCT_NAME = "$(TARGET_NAME)";
				SWIFT_VERSION = 5.0;
				TARGETED_DEVICE_FAMILY = "1,2";
			};
			name = Release;
		};
		AAF43134270A201E00A4E611 /* Debug */ = {
			isa = XCBuildConfiguration;
			buildSettings = {
				ALWAYS_EMBED_SWIFT_STANDARD_LIBRARIES = YES;
				BUNDLE_LOADER = "$(TEST_HOST)";
				CODE_SIGN_STYLE = Automatic;
				INFOPLIST_FILE = DemoIBTests/Info.plist;
				IPHONEOS_DEPLOYMENT_TARGET = 14.5;
				LD_RUNPATH_SEARCH_PATHS = (
					"$(inherited)",
					"@executable_path/Frameworks",
					"@loader_path/Frameworks",
				);
				PRODUCT_BUNDLE_IDENTIFIER = oleg.bezrukavnikov.DemoIBTests;
				PRODUCT_NAME = "$(TARGET_NAME)";
				SWIFT_VERSION = 5.0;
				TARGETED_DEVICE_FAMILY = "1,2";
				TEST_HOST = "$(BUILT_PRODUCTS_DIR)/DemoIB.app/DemoIB";
			};
			name = Debug;
		};
		AAF43135270A201E00A4E611 /* Release */ = {
			isa = XCBuildConfiguration;
			buildSettings = {
				ALWAYS_EMBED_SWIFT_STANDARD_LIBRARIES = YES;
				BUNDLE_LOADER = "$(TEST_HOST)";
				CODE_SIGN_STYLE = Automatic;
				INFOPLIST_FILE = DemoIBTests/Info.plist;
				IPHONEOS_DEPLOYMENT_TARGET = 14.5;
				LD_RUNPATH_SEARCH_PATHS = (
					"$(inherited)",
					"@executable_path/Frameworks",
					"@loader_path/Frameworks",
				);
				PRODUCT_BUNDLE_IDENTIFIER = oleg.bezrukavnikov.DemoIBTests;
				PRODUCT_NAME = "$(TARGET_NAME)";
				SWIFT_VERSION = 5.0;
				TARGETED_DEVICE_FAMILY = "1,2";
				TEST_HOST = "$(BUILT_PRODUCTS_DIR)/DemoIB.app/DemoIB";
			};
			name = Release;
		};
		AAF43137270A201E00A4E611 /* Debug */ = {
			isa = XCBuildConfiguration;
			buildSettings = {
				ALWAYS_EMBED_SWIFT_STANDARD_LIBRARIES = YES;
				CODE_SIGN_STYLE = Automatic;
				INFOPLIST_FILE = DemoIBUITests/Info.plist;
				LD_RUNPATH_SEARCH_PATHS = (
					"$(inherited)",
					"@executable_path/Frameworks",
					"@loader_path/Frameworks",
				);
				PRODUCT_BUNDLE_IDENTIFIER = oleg.bezrukavnikov.DemoIBUITests;
				PRODUCT_NAME = "$(TARGET_NAME)";
				SWIFT_VERSION = 5.0;
				TARGETED_DEVICE_FAMILY = "1,2";
				TEST_TARGET_NAME = DemoIB;
			};
			name = Debug;
		};
		AAF43138270A201E00A4E611 /* Release */ = {
			isa = XCBuildConfiguration;
			buildSettings = {
				ALWAYS_EMBED_SWIFT_STANDARD_LIBRARIES = YES;
				CODE_SIGN_STYLE = Automatic;
				INFOPLIST_FILE = DemoIBUITests/Info.plist;
				LD_RUNPATH_SEARCH_PATHS = (
					"$(inherited)",
					"@executable_path/Frameworks",
					"@loader_path/Frameworks",
				);
				PRODUCT_BUNDLE_IDENTIFIER = oleg.bezrukavnikov.DemoIBUITests;
				PRODUCT_NAME = "$(TARGET_NAME)";
				SWIFT_VERSION = 5.0;
				TARGETED_DEVICE_FAMILY = "1,2";
				TEST_TARGET_NAME = DemoIB;
			};
			name = Release;
		};
/* End XCBuildConfiguration section */

/* Begin XCConfigurationList section */
		AAF43101270A201C00A4E611 /* Build configuration list for PBXProject "DemoIB" */ = {
			isa = XCConfigurationList;
			buildConfigurations = (
				AAF4312E270A201E00A4E611 /* Debug */,
				AAF4312F270A201E00A4E611 /* Release */,
			);
			defaultConfigurationIsVisible = 0;
			defaultConfigurationName = Release;
		};
		AAF43130270A201E00A4E611 /* Build configuration list for PBXNativeTarget "DemoIB" */ = {
			isa = XCConfigurationList;
			buildConfigurations = (
				AAF43131270A201E00A4E611 /* Debug */,
				AAF43132270A201E00A4E611 /* Release */,
			);
			defaultConfigurationIsVisible = 0;
			defaultConfigurationName = Release;
		};
		AAF43133270A201E00A4E611 /* Build configuration list for PBXNativeTarget "DemoIBTests" */ = {
			isa = XCConfigurationList;
			buildConfigurations = (
				AAF43134270A201E00A4E611 /* Debug */,
				AAF43135270A201E00A4E611 /* Release */,
			);
			defaultConfigurationIsVisible = 0;
			defaultConfigurationName = Release;
		};
		AAF43136270A201E00A4E611 /* Build configuration list for PBXNativeTarget "DemoIBUITests" */ = {
			isa = XCConfigurationList;
			buildConfigurations = (
				AAF43137270A201E00A4E611 /* Debug */,
				AAF43138270A201E00A4E611 /* Release */,
			);
			defaultConfigurationIsVisible = 0;
			defaultConfigurationName = Release;
		};
/* End XCConfigurationList section */
	};
	rootObject = AAF430FE270A201C00A4E611 /* Project object */;
}
