// !$*UTF8*$!
{
	archiveVersion = 1;
	classes = {
	};
	objectVersion = 50;
	objects = {

/* Begin PBXBuildFile section */
		1A74104525B81B15007AF053 /* AppDelegate.swift in Sources */ = {isa = PBXBuildFile; fileRef = 1A74104425B81B15007AF053 /* AppDelegate.swift */; };
		1A74104725B81B15007AF053 /* SceneDelegate.swift in Sources */ = {isa = PBXBuildFile; fileRef = 1A74104625B81B15007AF053 /* SceneDelegate.swift */; };
		1A74104925B81B15007AF053 /* RollCallVC.swift in Sources */ = {isa = PBXBuildFile; fileRef = 1A74104825B81B15007AF053 /* RollCallVC.swift */; };
		1A74104C25B81B15007AF053 /* Main.storyboard in Resources */ = {isa = PBXBuildFile; fileRef = 1A74104A25B81B15007AF053 /* Main.storyboard */; };
		1A74104E25B81B18007AF053 /* Assets.xcassets in Resources */ = {isa = PBXBuildFile; fileRef = 1A74104D25B81B18007AF053 /* Assets.xcassets */; };
		1A74105125B81B18007AF053 /* LaunchScreen.storyboard in Resources */ = {isa = PBXBuildFile; fileRef = 1A74104F25B81B18007AF053 /* LaunchScreen.storyboard */; };
		1A8EC7EC25D8A79600A7A9ED /* ResultVC.swift in Sources */ = {isa = PBXBuildFile; fileRef = 1A8EC7EB25D8A79600A7A9ED /* ResultVC.swift */; };
/* End PBXBuildFile section */

/* Begin PBXFileReference section */
		1A74104125B81B15007AF053 /* SimpleRollCall.app */ = {isa = PBXFileReference; explicitFileType = wrapper.application; includeInIndex = 0; path = SimpleRollCall.app; sourceTree = BUILT_PRODUCTS_DIR; };
		1A74104425B81B15007AF053 /* AppDelegate.swift */ = {isa = PBXFileReference; lastKnownFileType = sourcecode.swift; path = AppDelegate.swift; sourceTree = "<group>"; };
		1A74104625B81B15007AF053 /* SceneDelegate.swift */ = {isa = PBXFileReference; lastKnownFileType = sourcecode.swift; path = SceneDelegate.swift; sourceTree = "<group>"; };
		1A74104825B81B15007AF053 /* RollCallVC.swift */ = {isa = PBXFileReference; lastKnownFileType = sourcecode.swift; path = RollCallVC.swift; sourceTree = "<group>"; };
		1A74104B25B81B15007AF053 /* Base */ = {isa = PBXFileReference; lastKnownFileType = file.storyboard; name = Base; path = Base.lproj/Main.storyboard; sourceTree = "<group>"; };
		1A74104D25B81B18007AF053 /* Assets.xcassets */ = {isa = PBXFileReference; lastKnownFileType = folder.assetcatalog; path = Assets.xcassets; sourceTree = "<group>"; };
		1A74105025B81B18007AF053 /* Base */ = {isa = PBXFileReference; lastKnownFileType = file.storyboard; name = Base; path = Base.lproj/LaunchScreen.storyboard; sourceTree = "<group>"; };
		1A74105225B81B18007AF053 /* Info.plist */ = {isa = PBXFileReference; lastKnownFileType = text.plist.xml; path = Info.plist; sourceTree = "<group>"; };
		1A8EC7EB25D8A79600A7A9ED /* ResultVC.swift */ = {isa = PBXFileReference; lastKnownFileType = sourcecode.swift; path = ResultVC.swift; sourceTree = "<group>"; };
/* End PBXFileReference section */

/* Begin PBXFrameworksBuildPhase section */
		1A74103E25B81B15007AF053 /* Frameworks */ = {
			isa = PBXFrameworksBuildPhase;
			buildActionMask = 2147483647;
			files = (
			);
			runOnlyForDeploymentPostprocessing = 0;
		};
/* End PBXFrameworksBuildPhase section */

/* Begin PBXGroup section */
		1A74103825B81B15007AF053 = {
			isa = PBXGroup;
			children = (
				1A74104325B81B15007AF053 /* SimpleRollCall */,
				1A74104225B81B15007AF053 /* Products */,
			);
			sourceTree = "<group>";
		};
		1A74104225B81B15007AF053 /* Products */ = {
			isa = PBXGroup;
			children = (
				1A74104125B81B15007AF053 /* SimpleRollCall.app */,
			);
			name = Products;
			sourceTree = "<group>";
		};
		1A74104325B81B15007AF053 /* SimpleRollCall */ = {
			isa = PBXGroup;
			children = (
				1A74104425B81B15007AF053 /* AppDelegate.swift */,
				1A74104625B81B15007AF053 /* SceneDelegate.swift */,
				1A74104825B81B15007AF053 /* RollCallVC.swift */,
				1A74104A25B81B15007AF053 /* Main.storyboard */,
				1A74104D25B81B18007AF053 /* Assets.xcassets */,
				1A74104F25B81B18007AF053 /* LaunchScreen.storyboard */,
				1A74105225B81B18007AF053 /* Info.plist */,
				1A8EC7EB25D8A79600A7A9ED /* ResultVC.swift */,
			);
			path = SimpleRollCall;
			sourceTree = "<group>";
		};
/* End PBXGroup section */

/* Begin PBXNativeTarget section */
		1A74104025B81B15007AF053 /* SimpleRollCall */ = {
			isa = PBXNativeTarget;
			buildConfigurationList = 1A74105525B81B18007AF053 /* Build configuration list for PBXNativeTarget "SimpleRollCall" */;
			buildPhases = (
				1A74103D25B81B15007AF053 /* Sources */,
				1A74103E25B81B15007AF053 /* Frameworks */,
				1A74103F25B81B15007AF053 /* Resources */,
			);
			buildRules = (
			);
			dependencies = (
			);
			name = SimpleRollCall;
			productName = SimpleRollCall;
			productReference = 1A74104125B81B15007AF053 /* SimpleRollCall.app */;
			productType = "com.apple.product-type.application";
		};
/* End PBXNativeTarget section */

/* Begin PBXProject section */
		1A74103925B81B15007AF053 /* Project object */ = {
			isa = PBXProject;
			attributes = {
				LastSwiftUpdateCheck = 1220;
				LastUpgradeCheck = 1220;
				TargetAttributes = {
					1A74104025B81B15007AF053 = {
						CreatedOnToolsVersion = 12.2;
					};
				};
			};
			buildConfigurationList = 1A74103C25B81B15007AF053 /* Build configuration list for PBXProject "SimpleRollCall" */;
			compatibilityVersion = "Xcode 9.3";
			developmentRegion = en;
			hasScannedForEncodings = 0;
			knownRegions = (
				en,
				Base,
			);
			mainGroup = 1A74103825B81B15007AF053;
			productRefGroup = 1A74104225B81B15007AF053 /* Products */;
			projectDirPath = "";
			projectRoot = "";
			targets = (
				1A74104025B81B15007AF053 /* SimpleRollCall */,
			);
		};
/* End PBXProject section */

/* Begin PBXResourcesBuildPhase section */
		1A74103F25B81B15007AF053 /* Resources */ = {
			isa = PBXResourcesBuildPhase;
			buildActionMask = 2147483647;
			files = (
				1A74105125B81B18007AF053 /* LaunchScreen.storyboard in Resources */,
				1A74104E25B81B18007AF053 /* Assets.xcassets in Resources */,
				1A74104C25B81B15007AF053 /* Main.storyboard in Resources */,
			);
			runOnlyForDeploymentPostprocessing = 0;
		};
/* End PBXResourcesBuildPhase section */

/* Begin PBXSourcesBuildPhase section */
		1A74103D25B81B15007AF053 /* Sources */ = {
			isa = PBXSourcesBuildPhase;
			buildActionMask = 2147483647;
			files = (
				1A74104925B81B15007AF053 /* RollCallVC.swift in Sources */,
				1A8EC7EC25D8A79600A7A9ED /* ResultVC.swift in Sources */,
				1A74104525B81B15007AF053 /* AppDelegate.swift in Sources */,
				1A74104725B81B15007AF053 /* SceneDelegate.swift in Sources */,
			);
			runOnlyForDeploymentPostprocessing = 0;
		};
/* End PBXSourcesBuildPhase section */

/* Begin PBXVariantGroup section */
		1A74104A25B81B15007AF053 /* Main.storyboard */ = {
			isa = PBXVariantGroup;
			children = (
				1A74104B25B81B15007AF053 /* Base */,
			);
			name = Main.storyboard;
			sourceTree = "<group>";
		};
		1A74104F25B81B18007AF053 /* LaunchScreen.storyboard */ = {
			isa = PBXVariantGroup;
			children = (
				1A74105025B81B18007AF053 /* Base */,
			);
			name = LaunchScreen.storyboard;
			sourceTree = "<group>";
		};
/* End PBXVariantGroup section */

/* Begin XCBuildConfiguration section */
		1A74105325B81B18007AF053 /* Debug */ = {
			isa = XCBuildConfiguration;
			buildSettings = {
				ALWAYS_SEARCH_USER_PATHS = NO;
				CLANG_ANALYZER_NONNULL = YES;
				CLANG_ANALYZER_NUMBER_OBJECT_CONVERSION = YES_AGGRESSIVE;
				CLANG_CXX_LANGUAGE_STANDARD = "gnu++14";
				CLANG_CXX_LIBRARY = "libc++";
				CLANG_ENABLE_MODULES = YES;
				CLANG_ENABLE_OBJC_ARC = YES;
				CLANG_ENABLE_OBJC_WEAK = YES;
				CLANG_WARN_BLOCK_CAPTURE_AUTORELEASING = YES;
				CLANG_WARN_BOOL_CONVERSION = YES;
				CLANG_WARN_COMMA = YES;
				CLANG_WARN_CONSTANT_CONVERSION = YES;
				CLANG_WARN_DEPRECATED_OBJC_IMPLEMENTATIONS = YES;
				CLANG_WARN_DIRECT_OBJC_ISA_USAGE = YES_ERROR;
				CLANG_WARN_DOCUMENTATION_COMMENTS = YES;
				CLANG_WARN_EMPTY_BODY = YES;
				CLANG_WARN_ENUM_CONVERSION = YES;
				CLANG_WARN_INFINITE_RECURSION = YES;
				CLANG_WARN_INT_CONVERSION = YES;
				CLANG_WARN_NON_LITERAL_NULL_CONVERSION = YES;
				CLANG_WARN_OBJC_IMPLICIT_RETAIN_SELF = YES;
				CLANG_WARN_OBJC_LITERAL_CONVERSION = YES;
				CLANG_WARN_OBJC_ROOT_CLASS = YES_ERROR;
				CLANG_WARN_QUOTED_INCLUDE_IN_FRAMEWORK_HEADER = YES;
				CLANG_WARN_RANGE_LOOP_ANALYSIS = YES;
				CLANG_WARN_STRICT_PROTOTYPES = YES;
				CLANG_WARN_SUSPICIOUS_MOVE = YES;
				CLANG_WARN_UNGUARDED_AVAILABILITY = YES_AGGRESSIVE;
				CLANG_WARN_UNREACHABLE_CODE = YES;
				CLANG_WARN__DUPLICATE_METHOD_MATCH = YES;
				COPY_PHASE_STRIP = NO;
				DEBUG_INFORMATION_FORMAT = dwarf;
				ENABLE_STRICT_OBJC_MSGSEND = YES;
				ENABLE_TESTABILITY = YES;
				GCC_C_LANGUAGE_STANDARD = gnu11;
				GCC_DYNAMIC_NO_PIC = NO;
				GCC_NO_COMMON_BLOCKS = YES;
				GCC_OPTIMIZATION_LEVEL = 0;
				GCC_PREPROCESSOR_DEFINITIONS = (
					"DEBUG=1",
					"$(inherited)",
				);
				GCC_WARN_64_TO_32_BIT_CONVERSION = YES;
				GCC_WARN_ABOUT_RETURN_TYPE = YES_ERROR;
				GCC_WARN_UNDECLARED_SELECTOR = YES;
				GCC_WARN_UNINITIALIZED_AUTOS = YES_AGGRESSIVE;
				GCC_WARN_UNUSED_FUNCTION = YES;
				GCC_WARN_UNUSED_VARIABLE = YES;
				IPHONEOS_DEPLOYMENT_TARGET = 14.2;
				MTL_ENABLE_DEBUG_INFO = INCLUDE_SOURCE;
				MTL_FAST_MATH = YES;
				ONLY_ACTIVE_ARCH = YES;
				SDKROOT = iphoneos;
				SWIFT_ACTIVE_COMPILATION_CONDITIONS = DEBUG;
				SWIFT_OPTIMIZATION_LEVEL = "-Onone";
			};
			name = Debug;
		};
		1A74105425B81B18007AF053 /* Release */ = {
			isa = XCBuildConfiguration;
			buildSettings = {
				ALWAYS_SEARCH_USER_PATHS = NO;
				CLANG_ANALYZER_NONNULL = YES;
				CLANG_ANALYZER_NUMBER_OBJECT_CONVERSION = YES_AGGRESSIVE;
				CLANG_CXX_LANGUAGE_STANDARD = "gnu++14";
				CLANG_CXX_LIBRARY = "libc++";
				CLANG_ENABLE_MODULES = YES;
				CLANG_ENABLE_OBJC_ARC = YES;
				CLANG_ENABLE_OBJC_WEAK = YES;
				CLANG_WARN_BLOCK_CAPTURE_AUTORELEASING = YES;
				CLANG_WARN_BOOL_CONVERSION = YES;
				CLANG_WARN_COMMA = YES;
				CLANG_WARN_CONSTANT_CONVERSION = YES;
				CLANG_WARN_DEPRECATED_OBJC_IMPLEMENTATIONS = YES;
				CLANG_WARN_DIRECT_OBJC_ISA_USAGE = YES_ERROR;
				CLANG_WARN_DOCUMENTATION_COMMENTS = YES;
				CLANG_WARN_EMPTY_BODY = YES;
				CLANG_WARN_ENUM_CONVERSION = YES;
				CLANG_WARN_INFINITE_RECURSION = YES;
				CLANG_WARN_INT_CONVERSION = YES;
				CLANG_WARN_NON_LITERAL_NULL_CONVERSION = YES;
				CLANG_WARN_OBJC_IMPLICIT_RETAIN_SELF = YES;
				CLANG_WARN_OBJC_LITERAL_CONVERSION = YES;
				CLANG_WARN_OBJC_ROOT_CLASS = YES_ERROR;
				CLANG_WARN_QUOTED_INCLUDE_IN_FRAMEWORK_HEADER = YES;
				CLANG_WARN_RANGE_LOOP_ANALYSIS = YES;
				CLANG_WARN_STRICT_PROTOTYPES = YES;
				CLANG_WARN_SUSPICIOUS_MOVE = YES;
				CLANG_WARN_UNGUARDED_AVAILABILITY = YES_AGGRESSIVE;
				CLANG_WARN_UNREACHABLE_CODE = YES;
				CLANG_WARN__DUPLICATE_METHOD_MATCH = YES;
				COPY_PHASE_STRIP = NO;
				DEBUG_INFORMATION_FORMAT = "dwarf-with-dsym";
				ENABLE_NS_ASSERTIONS = NO;
				ENABLE_STRICT_OBJC_MSGSEND = YES;
				GCC_C_LANGUAGE_STANDARD = gnu11;
				GCC_NO_COMMON_BLOCKS = YES;
				GCC_WARN_64_TO_32_BIT_CONVERSION = YES;
				GCC_WARN_ABOUT_RETURN_TYPE = YES_ERROR;
				GCC_WARN_UNDECLARED_SELECTOR = YES;
				GCC_WARN_UNINITIALIZED_AUTOS = YES_AGGRESSIVE;
				GCC_WARN_UNUSED_FUNCTION = YES;
				GCC_WARN_UNUSED_VARIABLE = YES;
				IPHONEOS_DEPLOYMENT_TARGET = 14.2;
				MTL_ENABLE_DEBUG_INFO = NO;
				MTL_FAST_MATH = YES;
				SDKROOT = iphoneos;
				SWIFT_COMPILATION_MODE = wholemodule;
				SWIFT_OPTIMIZATION_LEVEL = "-O";
				VALIDATE_PRODUCT = YES;
			};
			name = Release;
		};
		1A74105625B81B18007AF053 /* Debug */ = {
			isa = XCBuildConfiguration;
			buildSettings = {
				ASSETCATALOG_COMPILER_APPICON_NAME = AppIcon;
				ASSETCATALOG_COMPILER_GLOBAL_ACCENT_COLOR_NAME = AccentColor;
				CODE_SIGN_STYLE = Automatic;
				DEVELOPMENT_TEAM = Y2JVY29H4R;
				INFOPLIST_FILE = SimpleRollCall/Info.plist;
				LD_RUNPATH_SEARCH_PATHS = (
					"$(inherited)",
					"@executable_path/Frameworks",
				);
				PRODUCT_BUNDLE_IDENTIFIER = dev.mdb.SimpleRollCall;
				PRODUCT_NAME = "$(TARGET_NAME)";
				SWIFT_VERSION = 5.0;
				TARGETED_DEVICE_FAMILY = "1,2";
			};
			name = Debug;
		};
		1A74105725B81B18007AF053 /* Release */ = {
			isa = XCBuildConfiguration;
			buildSettings = {
				ASSETCATALOG_COMPILER_APPICON_NAME = AppIcon;
				ASSETCATALOG_COMPILER_GLOBAL_ACCENT_COLOR_NAME = AccentColor;
				CODE_SIGN_STYLE = Automatic;
				DEVELOPMENT_TEAM = Y2JVY29H4R;
				INFOPLIST_FILE = SimpleRollCall/Info.plist;
				LD_RUNPATH_SEARCH_PATHS = (
					"$(inherited)",
					"@executable_path/Frameworks",
				);
				PRODUCT_BUNDLE_IDENTIFIER = dev.mdb.SimpleRollCall;
				PRODUCT_NAME = "$(TARGET_NAME)";
				SWIFT_VERSION = 5.0;
				TARGETED_DEVICE_FAMILY = "1,2";
			};
			name = Release;
		};
/* End XCBuildConfiguration section */

/* Begin XCConfigurationList section */
		1A74103C25B81B15007AF053 /* Build configuration list for PBXProject "SimpleRollCall" */ = {
			isa = XCConfigurationList;
			buildConfigurations = (
				1A74105325B81B18007AF053 /* Debug */,
				1A74105425B81B18007AF053 /* Release */,
			);
			defaultConfigurationIsVisible = 0;
			defaultConfigurationName = Release;
		};
		1A74105525B81B18007AF053 /* Build configuration list for PBXNativeTarget "SimpleRollCall" */ = {
			isa = XCConfigurationList;
			buildConfigurations = (
				1A74105625B81B18007AF053 /* Debug */,
				1A74105725B81B18007AF053 /* Release */,
			);
			defaultConfigurationIsVisible = 0;
			defaultConfigurationName = Release;
		};
/* End XCConfigurationList section */
	};
	rootObject = 1A74103925B81B15007AF053 /* Project object */;
}
